
Microsoft Visual Studio Solution File, Format Version 12.00
# Visual Studio 15
VisualStudioVersion = 15.0.26124.0
MinimumVisualStudioVersion = 15.0.26124.0
Project("{FAE04EC0-301F-11D3-BF4B-00C04F79EFBC}") = "Blog.Core", "Blog.Core\Blog.Core.csproj", "{F5C9B58A-526F-4697-A3A9-E2961355030E}"
EndProject
Project("{FAE04EC0-301F-11D3-BF4B-00C04F79EFBC}") = "Blog.Core.Model", "Blog.Core.Model\Blog.Core.Model.csproj", "{F37DDBB8-DF6C-47C5-BBFB-2C2D7D60481F}"
EndProject
Project("{FAE04EC0-301F-11D3-BF4B-00C04F79EFBC}") = "Blog.Core.IRepository", "Blog.Core.IRepository\Blog.Core.IRepository.csproj", "{7F31FF03-88F2-4BAB-8FC0-950B72FF1242}"
EndProject
Project("{FAE04EC0-301F-11D3-BF4B-00C04F79EFBC}") = "Blog.Core.Repository", "Blog.Core.Repository\Blog.Core.Repository.csproj", "{2D00D0B7-F8B6-4FF7-B300-D53F0DDD6074}"
EndProject
Project("{FAE04EC0-301F-11D3-BF4B-00C04F79EFBC}") = "Blog.Core.IServices", "Blog.Core.IServices\Blog.Core.IServices.csproj", "{6C5AF807-CE53-450B-8461-921EE94833AC}"
EndProject
Project("{FAE04EC0-301F-11D3-BF4B-00C04F79EFBC}") = "Blog.Core.Services", "Blog.Core.Services\Blog.Core.Services.csproj", "{3CC30892-B412-4C4D-9647-8EDE4C9ED707}"
EndProject
Project("{2150E333-8FDC-42A3-9474-1A3956D46DE8}") = "3.Repository", "3.Repository", "{0E8C5B70-EC6D-11E8-A503-396A1BF27FD8}"
EndProject
Project("{2150E333-8FDC-42A3-9474-1A3956D46DE8}") = "4.Service", "4.Service", "{3595F2D0-EC6D-11E8-A503-396A1BF27FD8}"
EndProject
Project("{2150E333-8FDC-42A3-9474-1A3956D46DE8}") = "2.Model", "2.Model", "{635DEB50-EC6D-11E8-A503-396A1BF27FD8}"
EndProject
Project("{2150E333-8FDC-42A3-9474-1A3956D46DE8}") = "1.Common", "1.Common", "{FF852460-ED37-11E8-9812-318EB93F9AFA}"
EndProject
Project("{FAE04EC0-301F-11D3-BF4B-00C04F79EFBC}") = "Blog.Core.Common", "Blog.Core.Common\Blog.Core.Common.csproj", "{EE2B9AE2-2C5A-4E06-AA18-617A444EB710}"
EndProject
Global
	GlobalSection(SolutionConfigurationPlatforms) = preSolution
		Debug|Any CPU = Debug|Any CPU
		Debug|x64 = Debug|x64
		Debug|x86 = Debug|x86
		Release|Any CPU = Release|Any CPU
		Release|x64 = Release|x64
		Release|x86 = Release|x86
	EndGlobalSection
	GlobalSection(SolutionProperties) = preSolution
		HideSolutionNode = FALSE
	EndGlobalSection
	GlobalSection(ProjectConfigurationPlatforms) = postSolution
		{F5C9B58A-526F-4697-A3A9-E2961355030E}.Debug|Any CPU.ActiveCfg = Debug|Any CPU
		{F5C9B58A-526F-4697-A3A9-E2961355030E}.Debug|Any CPU.Build.0 = Debug|Any CPU
		{F5C9B58A-526F-4697-A3A9-E2961355030E}.Debug|x64.ActiveCfg = Debug|Any CPU
		{F5C9B58A-526F-4697-A3A9-E2961355030E}.Debug|x64.Build.0 = Debug|Any CPU
		{F5C9B58A-526F-4697-A3A9-E2961355030E}.Debug|x86.ActiveCfg = Debug|Any CPU
		{F5C9B58A-526F-4697-A3A9-E2961355030E}.Debug|x86.Build.0 = Debug|Any CPU
		{F5C9B58A-526F-4697-A3A9-E2961355030E}.Release|Any CPU.ActiveCfg = Release|Any CPU
		{F5C9B58A-526F-4697-A3A9-E2961355030E}.Release|Any CPU.Build.0 = Release|Any CPU
		{F5C9B58A-526F-4697-A3A9-E2961355030E}.Release|x64.ActiveCfg = Release|Any CPU
		{F5C9B58A-526F-4697-A3A9-E2961355030E}.Release|x64.Build.0 = Release|Any CPU
		{F5C9B58A-526F-4697-A3A9-E2961355030E}.Release|x86.ActiveCfg = Release|Any CPU
		{F5C9B58A-526F-4697-A3A9-E2961355030E}.Release|x86.Build.0 = Release|Any CPU
		{F37DDBB8-DF6C-47C5-BBFB-2C2D7D60481F}.Debug|Any CPU.ActiveCfg = Debug|Any CPU
		{F37DDBB8-DF6C-47C5-BBFB-2C2D7D60481F}.Debug|Any CPU.Build.0 = Debug|Any CPU
		{F37DDBB8-DF6C-47C5-BBFB-2C2D7D60481F}.Debug|x64.ActiveCfg = Debug|Any CPU
		{F37DDBB8-DF6C-47C5-BBFB-2C2D7D60481F}.Debug|x64.Build.0 = Debug|Any CPU
		{F37DDBB8-DF6C-47C5-BBFB-2C2D7D60481F}.Debug|x86.ActiveCfg = Debug|Any CPU
		{F37DDBB8-DF6C-47C5-BBFB-2C2D7D60481F}.Debug|x86.Build.0 = Debug|Any CPU
		{F37DDBB8-DF6C-47C5-BBFB-2C2D7D60481F}.Release|Any CPU.ActiveCfg = Release|Any CPU
		{F37DDBB8-DF6C-47C5-BBFB-2C2D7D60481F}.Release|Any CPU.Build.0 = Release|Any CPU
		{F37DDBB8-DF6C-47C5-BBFB-2C2D7D60481F}.Release|x64.ActiveCfg = Release|Any CPU
		{F37DDBB8-DF6C-47C5-BBFB-2C2D7D60481F}.Release|x64.Build.0 = Release|Any CPU
		{F37DDBB8-DF6C-47C5-BBFB-2C2D7D60481F}.Release|x86.ActiveCfg = Release|Any CPU
		{F37DDBB8-DF6C-47C5-BBFB-2C2D7D60481F}.Release|x86.Build.0 = Release|Any CPU
		{7F31FF03-88F2-4BAB-8FC0-950B72FF1242}.Debug|Any CPU.ActiveCfg = Debug|Any CPU
		{7F31FF03-88F2-4BAB-8FC0-950B72FF1242}.Debug|Any CPU.Build.0 = Debug|Any CPU
		{7F31FF03-88F2-4BAB-8FC0-950B72FF1242}.Debug|x64.ActiveCfg = Debug|Any CPU
		{7F31FF03-88F2-4BAB-8FC0-950B72FF1242}.Debug|x64.Build.0 = Debug|Any CPU
		{7F31FF03-88F2-4BAB-8FC0-950B72FF1242}.Debug|x86.ActiveCfg = Debug|Any CPU
		{7F31FF03-88F2-4BAB-8FC0-950B72FF1242}.Debug|x86.Build.0 = Debug|Any CPU
		{7F31FF03-88F2-4BAB-8FC0-950B72FF1242}.Release|Any CPU.ActiveCfg = Release|Any CPU
		{7F31FF03-88F2-4BAB-8FC0-950B72FF1242}.Release|Any CPU.Build.0 = Release|Any CPU
		{7F31FF03-88F2-4BAB-8FC0-950B72FF1242}.Release|x64.ActiveCfg = Release|Any CPU
		{7F31FF03-88F2-4BAB-8FC0-950B72FF1242}.Release|x64.Build.0 = Release|Any CPU
		{7F31FF03-88F2-4BAB-8FC0-950B72FF1242}.Release|x86.ActiveCfg = Release|Any CPU
		{7F31FF03-88F2-4BAB-8FC0-950B72FF1242}.Release|x86.Build.0 = Release|Any CPU
		{2D00D0B7-F8B6-4FF7-B300-D53F0DDD6074}.Debug|Any CPU.ActiveCfg = Debug|Any CPU
		{2D00D0B7-F8B6-4FF7-B300-D53F0DDD6074}.Debug|Any CPU.Build.0 = Debug|Any CPU
		{2D00D0B7-F8B6-4FF7-B300-D53F0DDD6074}.Debug|x64.ActiveCfg = Debug|Any CPU
		{2D00D0B7-F8B6-4FF7-B300-D53F0DDD6074}.Debug|x64.Build.0 = Debug|Any CPU
		{2D00D0B7-F8B6-4FF7-B300-D53F0DDD6074}.Debug|x86.ActiveCfg = Debug|Any CPU
		{2D00D0B7-F8B6-4FF7-B300-D53F0DDD6074}.Debug|x86.Build.0 = Debug|Any CPU
		{2D00D0B7-F8B6-4FF7-B300-D53F0DDD6074}.Release|Any CPU.ActiveCfg = Release|Any CPU
		{2D00D0B7-F8B6-4FF7-B300-D53F0DDD6074}.Release|Any CPU.Build.0 = Release|Any CPU
		{2D00D0B7-F8B6-4FF7-B300-D53F0DDD6074}.Release|x64.ActiveCfg = Release|Any CPU
		{2D00D0B7-F8B6-4FF7-B300-D53F0DDD6074}.Release|x64.Build.0 = Release|Any CPU
		{2D00D0B7-F8B6-4FF7-B300-D53F0DDD6074}.Release|x86.ActiveCfg = Release|Any CPU
		{2D00D0B7-F8B6-4FF7-B300-D53F0DDD6074}.Release|x86.Build.0 = Release|Any CPU
		{6C5AF807-CE53-450B-8461-921EE94833AC}.Debug|Any CPU.ActiveCfg = Debug|Any CPU
		{6C5AF807-CE53-450B-8461-921EE94833AC}.Debug|Any CPU.Build.0 = Debug|Any CPU
		{6C5AF807-CE53-450B-8461-921EE94833AC}.Debug|x64.ActiveCfg = Debug|Any CPU
		{6C5AF807-CE53-450B-8461-921EE94833AC}.Debug|x64.Build.0 = Debug|Any CPU
		{6C5AF807-CE53-450B-8461-921EE94833AC}.Debug|x86.ActiveCfg = Debug|Any CPU
		{6C5AF807-CE53-450B-8461-921EE94833AC}.Debug|x86.Build.0 = Debug|Any CPU
		{6C5AF807-CE53-450B-8461-921EE94833AC}.Release|Any CPU.ActiveCfg = Release|Any CPU
		{6C5AF807-CE53-450B-8461-921EE94833AC}.Release|Any CPU.Build.0 = Release|Any CPU
		{6C5AF807-CE53-450B-8461-921EE94833AC}.Release|x64.ActiveCfg = Release|Any CPU
		{6C5AF807-CE53-450B-8461-921EE94833AC}.Release|x64.Build.0 = Release|Any CPU
		{6C5AF807-CE53-450B-8461-921EE94833AC}.Release|x86.ActiveCfg = Release|Any CPU
		{6C5AF807-CE53-450B-8461-921EE94833AC}.Release|x86.Build.0 = Release|Any CPU
		{3CC30892-B412-4C4D-9647-8EDE4C9ED707}.Debug|Any CPU.ActiveCfg = Debug|Any CPU
		{3CC30892-B412-4C4D-9647-8EDE4C9ED707}.Debug|Any CPU.Build.0 = Debug|Any CPU
		{3CC30892-B412-4C4D-9647-8EDE4C9ED707}.Debug|x64.ActiveCfg = Debug|Any CPU
		{3CC30892-B412-4C4D-9647-8EDE4C9ED707}.Debug|x64.Build.0 = Debug|Any CPU
		{3CC30892-B412-4C4D-9647-8EDE4C9ED707}.Debug|x86.ActiveCfg = Debug|Any CPU
		{3CC30892-B412-4C4D-9647-8EDE4C9ED707}.Debug|x86.Build.0 = Debug|Any CPU
		{3CC30892-B412-4C4D-9647-8EDE4C9ED707}.Release|Any CPU.ActiveCfg = Release|Any CPU
		{3CC30892-B412-4C4D-9647-8EDE4C9ED707}.Release|Any CPU.Build.0 = Release|Any CPU
		{3CC30892-B412-4C4D-9647-8EDE4C9ED707}.Release|x64.ActiveCfg = Release|Any CPU
		{3CC30892-B412-4C4D-9647-8EDE4C9ED707}.Release|x64.Build.0 = Release|Any CPU
		{3CC30892-B412-4C4D-9647-8EDE4C9ED707}.Release|x86.ActiveCfg = Release|Any CPU
		{3CC30892-B412-4C4D-9647-8EDE4C9ED707}.Release|x86.Build.0 = Release|Any CPU
		{EE2B9AE2-2C5A-4E06-AA18-617A444EB710}.Debug|Any CPU.ActiveCfg = Debug|Any CPU
		{EE2B9AE2-2C5A-4E06-AA18-617A444EB710}.Debug|Any CPU.Build.0 = Debug|Any CPU
		{EE2B9AE2-2C5A-4E06-AA18-617A444EB710}.Debug|x64.ActiveCfg = Debug|Any CPU
		{EE2B9AE2-2C5A-4E06-AA18-617A444EB710}.Debug|x64.Build.0 = Debug|Any CPU
		{EE2B9AE2-2C5A-4E06-AA18-617A444EB710}.Debug|x86.ActiveCfg = Debug|Any CPU
		{EE2B9AE2-2C5A-4E06-AA18-617A444EB710}.Debug|x86.Build.0 = Debug|Any CPU
		{EE2B9AE2-2C5A-4E06-AA18-617A444EB710}.Release|Any CPU.ActiveCfg = Release|Any CPU
		{EE2B9AE2-2C5A-4E06-AA18-617A444EB710}.Release|Any CPU.Build.0 = Release|Any CPU
		{EE2B9AE2-2C5A-4E06-AA18-617A444EB710}.Release|x64.ActiveCfg = Release|Any CPU
		{EE2B9AE2-2C5A-4E06-AA18-617A444EB710}.Release|x64.Build.0 = Release|Any CPU
		{EE2B9AE2-2C5A-4E06-AA18-617A444EB710}.Release|x86.ActiveCfg = Release|Any CPU
		{EE2B9AE2-2C5A-4E06-AA18-617A444EB710}.Release|x86.Build.0 = Release|Any CPU
	EndGlobalSection
	GlobalSection(NestedProjects) = preSolution
		{EE2B9AE2-2C5A-4E06-AA18-617A444EB710} = {FF852460-ED37-11E8-9812-318EB93F9AFA}
		{F37DDBB8-DF6C-47C5-BBFB-2C2D7D60481F} = {635DEB50-EC6D-11E8-A503-396A1BF27FD8}
		{3CC30892-B412-4C4D-9647-8EDE4C9ED707} = {3595F2D0-EC6D-11E8-A503-396A1BF27FD8}
		{6C5AF807-CE53-450B-8461-921EE94833AC} = {3595F2D0-EC6D-11E8-A503-396A1BF27FD8}
		{2D00D0B7-F8B6-4FF7-B300-D53F0DDD6074} = {0E8C5B70-EC6D-11E8-A503-396A1BF27FD8}
		{7F31FF03-88F2-4BAB-8FC0-950B72FF1242} = {0E8C5B70-EC6D-11E8-A503-396A1BF27FD8}
	EndGlobalSection
EndGlobal
